
Microsoft Visual Studio Solution File, Format Version 11.00
# Visual Studio 2010
Project("{FAE04EC0-301F-11D3-BF4B-00C04F79EFBC}") = "WebAPI.Hmac", "WebAPI.Hmac\WebAPI.Hmac.csproj", "{F93D1CBD-FDA5-4DB1-9203-646A335109B8}"
EndProject
Project("{FAE04EC0-301F-11D3-BF4B-00C04F79EFBC}") = "WebApi.Core", "WebApi.Core\WebApi.Core.csproj", "{6BE3AA64-BC76-4E80-BBD6-BB0996A2A6C7}"
EndProject
Project("{2150E333-8FDC-42A3-9474-1A3956D46DE8}") = ".nuget", ".nuget", "{FD53A1FE-35B8-418B-915D-FE5518DC8DF8}"
	ProjectSection(SolutionItems) = preProject
		.nuget\NuGet.Config = .nuget\NuGet.Config
		.nuget\nuget.exe = .nuget\nuget.exe
		.nuget\NuGet.targets = .nuget\NuGet.targets
	EndProjectSection
EndProject
Global
	GlobalSection(SolutionConfigurationPlatforms) = preSolution
		Debug|Any CPU = Debug|Any CPU
		Debug|Mixed Platforms = Debug|Mixed Platforms
		Debug|x86 = Debug|x86
		Release|Any CPU = Release|Any CPU
		Release|Mixed Platforms = Release|Mixed Platforms
		Release|x86 = Release|x86
	EndGlobalSection
	GlobalSection(ProjectConfigurationPlatforms) = postSolution
		{F93D1CBD-FDA5-4DB1-9203-646A335109B8}.Debug|Any CPU.ActiveCfg = Debug|Any CPU
		{F93D1CBD-FDA5-4DB1-9203-646A335109B8}.Debug|Any CPU.Build.0 = Debug|Any CPU
		{F93D1CBD-FDA5-4DB1-9203-646A335109B8}.Debug|Mixed Platforms.ActiveCfg = Debug|Any CPU
		{F93D1CBD-FDA5-4DB1-9203-646A335109B8}.Debug|Mixed Platforms.Build.0 = Debug|Any CPU
		{F93D1CBD-FDA5-4DB1-9203-646A335109B8}.Debug|x86.ActiveCfg = Debug|Any CPU
		{F93D1CBD-FDA5-4DB1-9203-646A335109B8}.Release|Any CPU.ActiveCfg = Release|Any CPU
		{F93D1CBD-FDA5-4DB1-9203-646A335109B8}.Release|Any CPU.Build.0 = Release|Any CPU
		{F93D1CBD-FDA5-4DB1-9203-646A335109B8}.Release|Mixed Platforms.ActiveCfg = Release|Any CPU
		{F93D1CBD-FDA5-4DB1-9203-646A335109B8}.Release|Mixed Platforms.Build.0 = Release|Any CPU
		{F93D1CBD-FDA5-4DB1-9203-646A335109B8}.Release|x86.ActiveCfg = Release|Any CPU
		{6BE3AA64-BC76-4E80-BBD6-BB0996A2A6C7}.Debug|Any CPU.ActiveCfg = Debug|Any CPU
		{6BE3AA64-BC76-4E80-BBD6-BB0996A2A6C7}.Debug|Any CPU.Build.0 = Debug|Any CPU
		{6BE3AA64-BC76-4E80-BBD6-BB0996A2A6C7}.Debug|Mixed Platforms.ActiveCfg = Debug|Any CPU
		{6BE3AA64-BC76-4E80-BBD6-BB0996A2A6C7}.Debug|Mixed Platforms.Build.0 = Debug|Any CPU
		{6BE3AA64-BC76-4E80-BBD6-BB0996A2A6C7}.Debug|x86.ActiveCfg = Debug|Any CPU
		{6BE3AA64-BC76-4E80-BBD6-BB0996A2A6C7}.Release|Any CPU.ActiveCfg = Release|Any CPU
		{6BE3AA64-BC76-4E80-BBD6-BB0996A2A6C7}.Release|Any CPU.Build.0 = Release|Any CPU
		{6BE3AA64-BC76-4E80-BBD6-BB0996A2A6C7}.Release|Mixed Platforms.ActiveCfg = Release|Any CPU
		{6BE3AA64-BC76-4E80-BBD6-BB0996A2A6C7}.Release|Mixed Platforms.Build.0 = Release|Any CPU
		{6BE3AA64-BC76-4E80-BBD6-BB0996A2A6C7}.Release|x86.ActiveCfg = Release|Any CPU
	EndGlobalSection
	GlobalSection(SolutionProperties) = preSolution
		HideSolutionNode = FALSE
	EndGlobalSection
EndGlobal
